
Microsoft Visual Studio Solution File, Format Version 12.00
# Visual Studio Version 16
VisualStudioVersion = 16.0.32106.194
MinimumVisualStudioVersion = 10.0.40219.1
Project("{FAE04EC0-301F-11D3-BF4B-00C04F79EFBC}") = "IT2166_Assignment", "IT2166_Assignment.csproj", "{EF5B5C7A-4D00-4BCB-B1C9-43C7A96605F3}"
EndProject
Global
	GlobalSection(SolutionConfigurationPlatforms) = preSolution
		Debug|Any CPU = Debug|Any CPU
		Release|Any CPU = Release|Any CPU
	EndGlobalSection
	GlobalSection(ProjectConfigurationPlatforms) = postSolution
		{EF5B5C7A-4D00-4BCB-B1C9-43C7A96605F3}.Debug|Any CPU.ActiveCfg = Debug|Any CPU
		{EF5B5C7A-4D00-4BCB-B1C9-43C7A96605F3}.Debug|Any CPU.Build.0 = Debug|Any CPU
		{EF5B5C7A-4D00-4BCB-B1C9-43C7A96605F3}.Release|Any CPU.ActiveCfg = Release|Any CPU
		{EF5B5C7A-4D00-4BCB-B1C9-43C7A96605F3}.Release|Any CPU.Build.0 = Release|Any CPU
	EndGlobalSection
	GlobalSection(SolutionProperties) = preSolution
		HideSolutionNode = FALSE
	EndGlobalSection
	GlobalSection(ExtensibilityGlobals) = postSolution
		SolutionGuid = {E3F15640-A442-4BAF-B790-E8CAF3227606}
	EndGlobalSection
EndGlobal
